
Microsoft Visual Studio Solution File, Format Version 12.00
# Visual Studio Version 17
VisualStudioVersion = 17.5.002.0
MinimumVisualStudioVersion = 10.0.40219.1
Project("{9A19103F-16F7-4668-BE54-9A1E7A4F7556}") = "Usuário", "Usuário.csproj", "{988C63CE-F6FB-46E8-B22F-CA56C6FD351F}"
EndProject
Global
	GlobalSection(SolutionConfigurationPlatforms) = preSolution
		Debug|Any CPU = Debug|Any CPU
		Release|Any CPU = Release|Any CPU
	EndGlobalSection
	GlobalSection(ProjectConfigurationPlatforms) = postSolution
		{988C63CE-F6FB-46E8-B22F-CA56C6FD351F}.Debug|Any CPU.ActiveCfg = Debug|Any CPU
		{988C63CE-F6FB-46E8-B22F-CA56C6FD351F}.Debug|Any CPU.Build.0 = Debug|Any CPU
		{988C63CE-F6FB-46E8-B22F-CA56C6FD351F}.Release|Any CPU.ActiveCfg = Release|Any CPU
		{988C63CE-F6FB-46E8-B22F-CA56C6FD351F}.Release|Any CPU.Build.0 = Release|Any CPU
	EndGlobalSection
	GlobalSection(SolutionProperties) = preSolution
		HideSolutionNode = FALSE
	EndGlobalSection
	GlobalSection(ExtensibilityGlobals) = postSolution
		SolutionGuid = {971B674A-E076-40C1-BE8C-D6F0A40843FE}
	EndGlobalSection
EndGlobal
